
Microsoft Visual Studio Solution File, Format Version 12.00
# Visual Studio Version 17
VisualStudioVersion = 17.0.32112.339
MinimumVisualStudioVersion = 10.0.40219.1
Project("{FAE04EC0-301F-11D3-BF4B-00C04F79EFBC}") = "BasicCorePrograms", "BasicCorePrograms.csproj", "{66C9C122-A619-4A02-99F7-52130ED6CA55}"
EndProject
Global
	GlobalSection(SolutionConfigurationPlatforms) = preSolution
		Debug|Any CPU = Debug|Any CPU
		Release|Any CPU = Release|Any CPU
	EndGlobalSection
	GlobalSection(ProjectConfigurationPlatforms) = postSolution
		{66C9C122-A619-4A02-99F7-52130ED6CA55}.Debug|Any CPU.ActiveCfg = Debug|Any CPU
		{66C9C122-A619-4A02-99F7-52130ED6CA55}.Debug|Any CPU.Build.0 = Debug|Any CPU
		{66C9C122-A619-4A02-99F7-52130ED6CA55}.Release|Any CPU.ActiveCfg = Release|Any CPU
		{66C9C122-A619-4A02-99F7-52130ED6CA55}.Release|Any CPU.Build.0 = Release|Any CPU
	EndGlobalSection
	GlobalSection(SolutionProperties) = preSolution
		HideSolutionNode = FALSE
	EndGlobalSection
	GlobalSection(ExtensibilityGlobals) = postSolution
		SolutionGuid = {A6BBB5A2-7422-481A-9EFA-B514860BD9EB}
	EndGlobalSection
EndGlobal
